// !$*UTF8*$!
{
	archiveVersion = 1;
	classes = {
	};
	objectVersion = 56;
	objects = {

/* Begin PBXBuildFile section */
		FC2609412A0153BC00216112 /* POCIAAlgorithmApp.swift in Sources */ = {isa = PBXBuildFile; fileRef = FC2609402A0153BC00216112 /* POCIAAlgorithmApp.swift */; };
		FC2609432A0153BC00216112 /* ContentView.swift in Sources */ = {isa = PBXBuildFile; fileRef = FC2609422A0153BC00216112 /* ContentView.swift */; };
		FC2609452A0153BE00216112 /* Assets.xcassets in Resources */ = {isa = PBXBuildFile; fileRef = FC2609442A0153BE00216112 /* Assets.xcassets */; };
		FC2609482A0153BE00216112 /* Preview Assets.xcassets in Resources */ = {isa = PBXBuildFile; fileRef = FC2609472A0153BE00216112 /* Preview Assets.xcassets */; };
		FC2609502A09327300216112 /* ComplexModule in Frameworks */ = {isa = PBXBuildFile; productRef = FC26094F2A09327300216112 /* ComplexModule */; };
		FC2609522A09327300216112 /* Numerics in Frameworks */ = {isa = PBXBuildFile; productRef = FC2609512A09327300216112 /* Numerics */; };
		FC2609542A09327300216112 /* RealModule in Frameworks */ = {isa = PBXBuildFile; productRef = FC2609532A09327300216112 /* RealModule */; };
		FC2609562A093B6400216112 /* Iris.csv in Resources */ = {isa = PBXBuildFile; fileRef = FC2609552A093B6400216112 /* Iris.csv */; };
		FC26098E2A0A7F7C00216112 /* Perceptron.swift in Sources */ = {isa = PBXBuildFile; fileRef = FC26098D2A0A7F7C00216112 /* Perceptron.swift */; };
		FC2609922A0BC1B700216112 /* KNN.swift in Sources */ = {isa = PBXBuildFile; fileRef = FC2609912A0BC1B700216112 /* KNN.swift */; };
		FC2609952A0BC26400216112 /* DMC.swift in Sources */ = {isa = PBXBuildFile; fileRef = FC2609942A0BC26400216112 /* DMC.swift */; };
		FC2609982A0BC2C000216112 /* Iris.json in Resources */ = {isa = PBXBuildFile; fileRef = FC2609972A0BC2C000216112 /* Iris.json */; };
		FC26099B2A0BC2EF00216112 /* Classifier.swift in Sources */ = {isa = PBXBuildFile; fileRef = FC26099A2A0BC2EF00216112 /* Classifier.swift */; };
		FC26099E2A0BC33600216112 /* Iris.swift in Sources */ = {isa = PBXBuildFile; fileRef = FC26099D2A0BC33600216112 /* Iris.swift */; };
		FC2609A02A0BC34E00216112 /* Species.swift in Sources */ = {isa = PBXBuildFile; fileRef = FC26099F2A0BC34E00216112 /* Species.swift */; };
		FC2609A22A0BD59900216112 /* DataUtility.swift in Sources */ = {isa = PBXBuildFile; fileRef = FC2609A12A0BD59900216112 /* DataUtility.swift */; };
		FC2609A52A0BD5C500216112 /* Validator.swift in Sources */ = {isa = PBXBuildFile; fileRef = FC2609A42A0BD5C500216112 /* Validator.swift */; };
/* End PBXBuildFile section */

/* Begin PBXFileReference section */
		FC26093D2A0153BC00216112 /* POCIAAlgorithm.app */ = {isa = PBXFileReference; explicitFileType = wrapper.application; includeInIndex = 0; path = POCIAAlgorithm.app; sourceTree = BUILT_PRODUCTS_DIR; };
		FC2609402A0153BC00216112 /* POCIAAlgorithmApp.swift */ = {isa = PBXFileReference; lastKnownFileType = sourcecode.swift; path = POCIAAlgorithmApp.swift; sourceTree = "<group>"; };
		FC2609422A0153BC00216112 /* ContentView.swift */ = {isa = PBXFileReference; lastKnownFileType = sourcecode.swift; path = ContentView.swift; sourceTree = "<group>"; };
		FC2609442A0153BE00216112 /* Assets.xcassets */ = {isa = PBXFileReference; lastKnownFileType = folder.assetcatalog; path = Assets.xcassets; sourceTree = "<group>"; };
		FC2609472A0153BE00216112 /* Preview Assets.xcassets */ = {isa = PBXFileReference; lastKnownFileType = folder.assetcatalog; path = "Preview Assets.xcassets"; sourceTree = "<group>"; };
		FC2609552A093B6400216112 /* Iris.csv */ = {isa = PBXFileReference; fileEncoding = 4; lastKnownFileType = text; path = Iris.csv; sourceTree = "<group>"; };
		FC26098D2A0A7F7C00216112 /* Perceptron.swift */ = {isa = PBXFileReference; lastKnownFileType = sourcecode.swift; path = Perceptron.swift; sourceTree = "<group>"; };
		FC2609912A0BC1B700216112 /* KNN.swift */ = {isa = PBXFileReference; lastKnownFileType = sourcecode.swift; path = KNN.swift; sourceTree = "<group>"; };
		FC2609942A0BC26400216112 /* DMC.swift */ = {isa = PBXFileReference; lastKnownFileType = sourcecode.swift; path = DMC.swift; sourceTree = "<group>"; };
		FC2609972A0BC2C000216112 /* Iris.json */ = {isa = PBXFileReference; lastKnownFileType = text.json; path = Iris.json; sourceTree = "<group>"; };
		FC26099A2A0BC2EF00216112 /* Classifier.swift */ = {isa = PBXFileReference; lastKnownFileType = sourcecode.swift; path = Classifier.swift; sourceTree = "<group>"; };
		FC26099D2A0BC33600216112 /* Iris.swift */ = {isa = PBXFileReference; lastKnownFileType = sourcecode.swift; path = Iris.swift; sourceTree = "<group>"; };
		FC26099F2A0BC34E00216112 /* Species.swift */ = {isa = PBXFileReference; lastKnownFileType = sourcecode.swift; path = Species.swift; sourceTree = "<group>"; };
		FC2609A12A0BD59900216112 /* DataUtility.swift */ = {isa = PBXFileReference; lastKnownFileType = sourcecode.swift; path = DataUtility.swift; sourceTree = "<group>"; };
		FC2609A42A0BD5C500216112 /* Validator.swift */ = {isa = PBXFileReference; lastKnownFileType = sourcecode.swift; path = Validator.swift; sourceTree = "<group>"; };
/* End PBXFileReference section */

/* Begin PBXFrameworksBuildPhase section */
		FC26093A2A0153BC00216112 /* Frameworks */ = {
			isa = PBXFrameworksBuildPhase;
			buildActionMask = 2147483647;
			files = (
				FC2609522A09327300216112 /* Numerics in Frameworks */,
				FC2609502A09327300216112 /* ComplexModule in Frameworks */,
				FC2609542A09327300216112 /* RealModule in Frameworks */,
			);
			runOnlyForDeploymentPostprocessing = 0;
		};
/* End PBXFrameworksBuildPhase section */

/* Begin PBXGroup section */
		FC2609342A0153BC00216112 = {
			isa = PBXGroup;
			children = (
				FC26093F2A0153BC00216112 /* POCIAAlgorithm */,
				FC26093E2A0153BC00216112 /* Products */,
			);
			sourceTree = "<group>";
		};
		FC26093E2A0153BC00216112 /* Products */ = {
			isa = PBXGroup;
			children = (
				FC26093D2A0153BC00216112 /* POCIAAlgorithm.app */,
			);
			name = Products;
			sourceTree = "<group>";
		};
		FC26093F2A0153BC00216112 /* POCIAAlgorithm */ = {
			isa = PBXGroup;
			children = (
				FC2609A32A0BD5B600216112 /* Utility */,
				FC26099C2A0BC31E00216112 /* Model */,
				FC2609962A0BC28E00216112 /* Resources */,
				FC2609932A0BC25600216112 /* Implementations */,
				FC2609402A0153BC00216112 /* POCIAAlgorithmApp.swift */,
				FC2609422A0153BC00216112 /* ContentView.swift */,
				FC2609462A0153BE00216112 /* Preview Content */,
				FC2609992A0BC2DF00216112 /* Protocol */,
				FC2609A12A0BD59900216112 /* DataUtility.swift */,
			);
			path = POCIAAlgorithm;
			sourceTree = "<group>";
		};
		FC2609462A0153BE00216112 /* Preview Content */ = {
			isa = PBXGroup;
			children = (
				FC2609472A0153BE00216112 /* Preview Assets.xcassets */,
			);
			path = "Preview Content";
			sourceTree = "<group>";
		};
		FC2609932A0BC25600216112 /* Implementations */ = {
			isa = PBXGroup;
			children = (
				FC26098D2A0A7F7C00216112 /* Perceptron.swift */,
				FC2609912A0BC1B700216112 /* KNN.swift */,
				FC2609942A0BC26400216112 /* DMC.swift */,
			);
			path = Implementations;
			sourceTree = "<group>";
		};
		FC2609962A0BC28E00216112 /* Resources */ = {
			isa = PBXGroup;
			children = (
				FC2609442A0153BE00216112 /* Assets.xcassets */,
				FC2609552A093B6400216112 /* Iris.csv */,
				FC2609972A0BC2C000216112 /* Iris.json */,
			);
			path = Resources;
			sourceTree = "<group>";
		};
		FC2609992A0BC2DF00216112 /* Protocol */ = {
			isa = PBXGroup;
			children = (
				FC26099A2A0BC2EF00216112 /* Classifier.swift */,
			);
			path = Protocol;
			sourceTree = "<group>";
		};
		FC26099C2A0BC31E00216112 /* Model */ = {
			isa = PBXGroup;
			children = (
				FC26099D2A0BC33600216112 /* Iris.swift */,
				FC26099F2A0BC34E00216112 /* Species.swift */,
			);
			path = Model;
			sourceTree = "<group>";
		};
		FC2609A32A0BD5B600216112 /* Utility */ = {
			isa = PBXGroup;
			children = (
				FC2609A42A0BD5C500216112 /* Validator.swift */,
			);
			path = Utility;
			sourceTree = "<group>";
		};
/* End PBXGroup section */

/* Begin PBXNativeTarget section */
		FC26093C2A0153BC00216112 /* POCIAAlgorithm */ = {
			isa = PBXNativeTarget;
			buildConfigurationList = FC26094B2A0153BE00216112 /* Build configuration list for PBXNativeTarget "POCIAAlgorithm" */;
			buildPhases = (
				FC2609392A0153BC00216112 /* Sources */,
				FC26093A2A0153BC00216112 /* Frameworks */,
				FC26093B2A0153BC00216112 /* Resources */,
			);
			buildRules = (
			);
			dependencies = (
			);
			name = POCIAAlgorithm;
			packageProductDependencies = (
				FC26094F2A09327300216112 /* ComplexModule */,
				FC2609512A09327300216112 /* Numerics */,
				FC2609532A09327300216112 /* RealModule */,
			);
			productName = POCIAAlgorithm;
			productReference = FC26093D2A0153BC00216112 /* POCIAAlgorithm.app */;
			productType = "com.apple.product-type.application";
		};
/* End PBXNativeTarget section */

/* Begin PBXProject section */
		FC2609352A0153BC00216112 /* Project object */ = {
			isa = PBXProject;
			attributes = {
				BuildIndependentTargetsInParallel = 1;
				LastSwiftUpdateCheck = 1430;
				LastUpgradeCheck = 1430;
				TargetAttributes = {
					FC26093C2A0153BC00216112 = {
						CreatedOnToolsVersion = 14.3;
					};
				};
			};
			buildConfigurationList = FC2609382A0153BC00216112 /* Build configuration list for PBXProject "POCIAAlgorithm" */;
			compatibilityVersion = "Xcode 14.0";
			developmentRegion = en;
			hasScannedForEncodings = 0;
			knownRegions = (
				en,
				Base,
			);
			mainGroup = FC2609342A0153BC00216112;
			packageReferences = (
				FC26094E2A09327300216112 /* XCRemoteSwiftPackageReference "swift-numerics" */,
			);
			productRefGroup = FC26093E2A0153BC00216112 /* Products */;
			projectDirPath = "";
			projectRoot = "";
			targets = (
				FC26093C2A0153BC00216112 /* POCIAAlgorithm */,
			);
		};
/* End PBXProject section */

/* Begin PBXResourcesBuildPhase section */
		FC26093B2A0153BC00216112 /* Resources */ = {
			isa = PBXResourcesBuildPhase;
			buildActionMask = 2147483647;
			files = (
				FC2609982A0BC2C000216112 /* Iris.json in Resources */,
				FC2609562A093B6400216112 /* Iris.csv in Resources */,
				FC2609482A0153BE00216112 /* Preview Assets.xcassets in Resources */,
				FC2609452A0153BE00216112 /* Assets.xcassets in Resources */,
			);
			runOnlyForDeploymentPostprocessing = 0;
		};
/* End PBXResourcesBuildPhase section */

/* Begin PBXSourcesBuildPhase section */
		FC2609392A0153BC00216112 /* Sources */ = {
			isa = PBXSourcesBuildPhase;
			buildActionMask = 2147483647;
			files = (
				FC26099B2A0BC2EF00216112 /* Classifier.swift in Sources */,
				FC2609952A0BC26400216112 /* DMC.swift in Sources */,
				FC2609A52A0BD5C500216112 /* Validator.swift in Sources */,
				FC26098E2A0A7F7C00216112 /* Perceptron.swift in Sources */,
				FC26099E2A0BC33600216112 /* Iris.swift in Sources */,
				FC2609922A0BC1B700216112 /* KNN.swift in Sources */,
				FC2609432A0153BC00216112 /* ContentView.swift in Sources */,
				FC2609A02A0BC34E00216112 /* Species.swift in Sources */,
				FC2609A22A0BD59900216112 /* DataUtility.swift in Sources */,
				FC2609412A0153BC00216112 /* POCIAAlgorithmApp.swift in Sources */,
			);
			runOnlyForDeploymentPostprocessing = 0;
		};
/* End PBXSourcesBuildPhase section */

/* Begin XCBuildConfiguration section */
		FC2609492A0153BE00216112 /* Debug */ = {
			isa = XCBuildConfiguration;
			buildSettings = {
				ALWAYS_SEARCH_USER_PATHS = NO;
				CLANG_ANALYZER_NONNULL = YES;
				CLANG_ANALYZER_NUMBER_OBJECT_CONVERSION = YES_AGGRESSIVE;
				CLANG_CXX_LANGUAGE_STANDARD = "gnu++20";
				CLANG_ENABLE_MODULES = YES;
				CLANG_ENABLE_OBJC_ARC = YES;
				CLANG_ENABLE_OBJC_WEAK = YES;
				CLANG_WARN_BLOCK_CAPTURE_AUTORELEASING = YES;
				CLANG_WARN_BOOL_CONVERSION = YES;
				CLANG_WARN_COMMA = YES;
				CLANG_WARN_CONSTANT_CONVERSION = YES;
				CLANG_WARN_DEPRECATED_OBJC_IMPLEMENTATIONS = YES;
				CLANG_WARN_DIRECT_OBJC_ISA_USAGE = YES_ERROR;
				CLANG_WARN_DOCUMENTATION_COMMENTS = YES;
				CLANG_WARN_EMPTY_BODY = YES;
				CLANG_WARN_ENUM_CONVERSION = YES;
				CLANG_WARN_INFINITE_RECURSION = YES;
				CLANG_WARN_INT_CONVERSION = YES;
				CLANG_WARN_NON_LITERAL_NULL_CONVERSION = YES;
				CLANG_WARN_OBJC_IMPLICIT_RETAIN_SELF = YES;
				CLANG_WARN_OBJC_LITERAL_CONVERSION = YES;
				CLANG_WARN_OBJC_ROOT_CLASS = YES_ERROR;
				CLANG_WARN_QUOTED_INCLUDE_IN_FRAMEWORK_HEADER = YES;
				CLANG_WARN_RANGE_LOOP_ANALYSIS = YES;
				CLANG_WARN_STRICT_PROTOTYPES = YES;
				CLANG_WARN_SUSPICIOUS_MOVE = YES;
				CLANG_WARN_UNGUARDED_AVAILABILITY = YES_AGGRESSIVE;
				CLANG_WARN_UNREACHABLE_CODE = YES;
				CLANG_WARN__DUPLICATE_METHOD_MATCH = YES;
				COPY_PHASE_STRIP = NO;
				DEBUG_INFORMATION_FORMAT = dwarf;
				ENABLE_STRICT_OBJC_MSGSEND = YES;
				ENABLE_TESTABILITY = YES;
				GCC_C_LANGUAGE_STANDARD = gnu11;
				GCC_DYNAMIC_NO_PIC = NO;
				GCC_NO_COMMON_BLOCKS = YES;
				GCC_OPTIMIZATION_LEVEL = 0;
				GCC_PREPROCESSOR_DEFINITIONS = (
					"DEBUG=1",
					"$(inherited)",
				);
				GCC_WARN_64_TO_32_BIT_CONVERSION = YES;
				GCC_WARN_ABOUT_RETURN_TYPE = YES_ERROR;
				GCC_WARN_UNDECLARED_SELECTOR = YES;
				GCC_WARN_UNINITIALIZED_AUTOS = YES_AGGRESSIVE;
				GCC_WARN_UNUSED_FUNCTION = YES;
				GCC_WARN_UNUSED_VARIABLE = YES;
				IPHONEOS_DEPLOYMENT_TARGET = 16.4;
				MTL_ENABLE_DEBUG_INFO = INCLUDE_SOURCE;
				MTL_FAST_MATH = YES;
				ONLY_ACTIVE_ARCH = YES;
				SDKROOT = iphoneos;
				SWIFT_ACTIVE_COMPILATION_CONDITIONS = DEBUG;
				SWIFT_OPTIMIZATION_LEVEL = "-Onone";
			};
			name = Debug;
		};
		FC26094A2A0153BE00216112 /* Release */ = {
			isa = XCBuildConfiguration;
			buildSettings = {
				ALWAYS_SEARCH_USER_PATHS = NO;
				CLANG_ANALYZER_NONNULL = YES;
				CLANG_ANALYZER_NUMBER_OBJECT_CONVERSION = YES_AGGRESSIVE;
				CLANG_CXX_LANGUAGE_STANDARD = "gnu++20";
				CLANG_ENABLE_MODULES = YES;
				CLANG_ENABLE_OBJC_ARC = YES;
				CLANG_ENABLE_OBJC_WEAK = YES;
				CLANG_WARN_BLOCK_CAPTURE_AUTORELEASING = YES;
				CLANG_WARN_BOOL_CONVERSION = YES;
				CLANG_WARN_COMMA = YES;
				CLANG_WARN_CONSTANT_CONVERSION = YES;
				CLANG_WARN_DEPRECATED_OBJC_IMPLEMENTATIONS = YES;
				CLANG_WARN_DIRECT_OBJC_ISA_USAGE = YES_ERROR;
				CLANG_WARN_DOCUMENTATION_COMMENTS = YES;
				CLANG_WARN_EMPTY_BODY = YES;
				CLANG_WARN_ENUM_CONVERSION = YES;
				CLANG_WARN_INFINITE_RECURSION = YES;
				CLANG_WARN_INT_CONVERSION = YES;
				CLANG_WARN_NON_LITERAL_NULL_CONVERSION = YES;
				CLANG_WARN_OBJC_IMPLICIT_RETAIN_SELF = YES;
				CLANG_WARN_OBJC_LITERAL_CONVERSION = YES;
				CLANG_WARN_OBJC_ROOT_CLASS = YES_ERROR;
				CLANG_WARN_QUOTED_INCLUDE_IN_FRAMEWORK_HEADER = YES;
				CLANG_WARN_RANGE_LOOP_ANALYSIS = YES;
				CLANG_WARN_STRICT_PROTOTYPES = YES;
				CLANG_WARN_SUSPICIOUS_MOVE = YES;
				CLANG_WARN_UNGUARDED_AVAILABILITY = YES_AGGRESSIVE;
				CLANG_WARN_UNREACHABLE_CODE = YES;
				CLANG_WARN__DUPLICATE_METHOD_MATCH = YES;
				COPY_PHASE_STRIP = NO;
				DEBUG_INFORMATION_FORMAT = "dwarf-with-dsym";
				ENABLE_NS_ASSERTIONS = NO;
				ENABLE_STRICT_OBJC_MSGSEND = YES;
				GCC_C_LANGUAGE_STANDARD = gnu11;
				GCC_NO_COMMON_BLOCKS = YES;
				GCC_WARN_64_TO_32_BIT_CONVERSION = YES;
				GCC_WARN_ABOUT_RETURN_TYPE = YES_ERROR;
				GCC_WARN_UNDECLARED_SELECTOR = YES;
				GCC_WARN_UNINITIALIZED_AUTOS = YES_AGGRESSIVE;
				GCC_WARN_UNUSED_FUNCTION = YES;
				GCC_WARN_UNUSED_VARIABLE = YES;
				IPHONEOS_DEPLOYMENT_TARGET = 16.4;
				MTL_ENABLE_DEBUG_INFO = NO;
				MTL_FAST_MATH = YES;
				SDKROOT = iphoneos;
				SWIFT_COMPILATION_MODE = wholemodule;
				SWIFT_OPTIMIZATION_LEVEL = "-O";
				VALIDATE_PRODUCT = YES;
			};
			name = Release;
		};
		FC26094C2A0153BE00216112 /* Debug */ = {
			isa = XCBuildConfiguration;
			buildSettings = {
				ASSETCATALOG_COMPILER_APPICON_NAME = AppIcon;
				ASSETCATALOG_COMPILER_GLOBAL_ACCENT_COLOR_NAME = AccentColor;
				CODE_SIGN_STYLE = Automatic;
				CURRENT_PROJECT_VERSION = 1;
				DEVELOPMENT_ASSET_PATHS = "\"POCIAAlgorithm/Preview Content\"";
				DEVELOPMENT_TEAM = V7A578M95D;
				ENABLE_PREVIEWS = YES;
				GENERATE_INFOPLIST_FILE = YES;
				INFOPLIST_KEY_UIApplicationSceneManifest_Generation = YES;
				INFOPLIST_KEY_UIApplicationSupportsIndirectInputEvents = YES;
				INFOPLIST_KEY_UILaunchScreen_Generation = YES;
				INFOPLIST_KEY_UISupportedInterfaceOrientations_iPad = "UIInterfaceOrientationPortrait UIInterfaceOrientationPortraitUpsideDown UIInterfaceOrientationLandscapeLeft UIInterfaceOrientationLandscapeRight";
				INFOPLIST_KEY_UISupportedInterfaceOrientations_iPhone = "UIInterfaceOrientationPortrait UIInterfaceOrientationLandscapeLeft UIInterfaceOrientationLandscapeRight";
				LD_RUNPATH_SEARCH_PATHS = (
					"$(inherited)",
					"@executable_path/Frameworks",
				);
				MARKETING_VERSION = 1.0;
				PRODUCT_BUNDLE_IDENTIFIER = com.lucasbrbs.POCIAAlgorithm;
				PRODUCT_NAME = "$(TARGET_NAME)";
				SWIFT_EMIT_LOC_STRINGS = YES;
				SWIFT_VERSION = 5.0;
				TARGETED_DEVICE_FAMILY = "1,2";
			};
			name = Debug;
		};
		FC26094D2A0153BE00216112 /* Release */ = {
			isa = XCBuildConfiguration;
			buildSettings = {
				ASSETCATALOG_COMPILER_APPICON_NAME = AppIcon;
				ASSETCATALOG_COMPILER_GLOBAL_ACCENT_COLOR_NAME = AccentColor;
				CODE_SIGN_STYLE = Automatic;
				CURRENT_PROJECT_VERSION = 1;
				DEVELOPMENT_ASSET_PATHS = "\"POCIAAlgorithm/Preview Content\"";
				DEVELOPMENT_TEAM = V7A578M95D;
				ENABLE_PREVIEWS = YES;
				GENERATE_INFOPLIST_FILE = YES;
				INFOPLIST_KEY_UIApplicationSceneManifest_Generation = YES;
				INFOPLIST_KEY_UIApplicationSupportsIndirectInputEvents = YES;
				INFOPLIST_KEY_UILaunchScreen_Generation = YES;
				INFOPLIST_KEY_UISupportedInterfaceOrientations_iPad = "UIInterfaceOrientationPortrait UIInterfaceOrientationPortraitUpsideDown UIInterfaceOrientationLandscapeLeft UIInterfaceOrientationLandscapeRight";
				INFOPLIST_KEY_UISupportedInterfaceOrientations_iPhone = "UIInterfaceOrientationPortrait UIInterfaceOrientationLandscapeLeft UIInterfaceOrientationLandscapeRight";
				LD_RUNPATH_SEARCH_PATHS = (
					"$(inherited)",
					"@executable_path/Frameworks",
				);
				MARKETING_VERSION = 1.0;
				PRODUCT_BUNDLE_IDENTIFIER = com.lucasbrbs.POCIAAlgorithm;
				PRODUCT_NAME = "$(TARGET_NAME)";
				SWIFT_EMIT_LOC_STRINGS = YES;
				SWIFT_VERSION = 5.0;
				TARGETED_DEVICE_FAMILY = "1,2";
			};
			name = Release;
		};
/* End XCBuildConfiguration section */

/* Begin XCConfigurationList section */
		FC2609382A0153BC00216112 /* Build configuration list for PBXProject "POCIAAlgorithm" */ = {
			isa = XCConfigurationList;
			buildConfigurations = (
				FC2609492A0153BE00216112 /* Debug */,
				FC26094A2A0153BE00216112 /* Release */,
			);
			defaultConfigurationIsVisible = 0;
			defaultConfigurationName = Release;
		};
		FC26094B2A0153BE00216112 /* Build configuration list for PBXNativeTarget "POCIAAlgorithm" */ = {
			isa = XCConfigurationList;
			buildConfigurations = (
				FC26094C2A0153BE00216112 /* Debug */,
				FC26094D2A0153BE00216112 /* Release */,
			);
			defaultConfigurationIsVisible = 0;
			defaultConfigurationName = Release;
		};
/* End XCConfigurationList section */

/* Begin XCRemoteSwiftPackageReference section */
		FC26094E2A09327300216112 /* XCRemoteSwiftPackageReference "swift-numerics" */ = {
			isa = XCRemoteSwiftPackageReference;
			repositoryURL = "https://github.com/apple/swift-numerics.git";
			requirement = {
				kind = upToNextMajorVersion;
				minimumVersion = 1.0.0;
			};
		};
/* End XCRemoteSwiftPackageReference section */

/* Begin XCSwiftPackageProductDependency section */
		FC26094F2A09327300216112 /* ComplexModule */ = {
			isa = XCSwiftPackageProductDependency;
			package = FC26094E2A09327300216112 /* XCRemoteSwiftPackageReference "swift-numerics" */;
			productName = ComplexModule;
		};
		FC2609512A09327300216112 /* Numerics */ = {
			isa = XCSwiftPackageProductDependency;
			package = FC26094E2A09327300216112 /* XCRemoteSwiftPackageReference "swift-numerics" */;
			productName = Numerics;
		};
		FC2609532A09327300216112 /* RealModule */ = {
			isa = XCSwiftPackageProductDependency;
			package = FC26094E2A09327300216112 /* XCRemoteSwiftPackageReference "swift-numerics" */;
			productName = RealModule;
		};
/* End XCSwiftPackageProductDependency section */
	};
	rootObject = FC2609352A0153BC00216112 /* Project object */;
}
